
Microsoft Visual Studio Solution File, Format Version 12.00
# Visual Studio Version 17
VisualStudioVersion = 17.9.34728.123
MinimumVisualStudioVersion = 10.0.40219.1
Project("{FAE04EC0-301F-11D3-BF4B-00C04F79EFBC}") = "WayOfTheSamurai4SaveEditor", "WayOfTheSamurai4SaveEditor\WayOfTheSamurai4SaveEditor.csproj", "{9755E3BA-2C1E-4F47-BD5C-776340A36327}"
EndProject
Global
	GlobalSection(SolutionConfigurationPlatforms) = preSolution
		Debug|Any CPU = Debug|Any CPU
		Release|Any CPU = Release|Any CPU
	EndGlobalSection
	GlobalSection(ProjectConfigurationPlatforms) = postSolution
		{9755E3BA-2C1E-4F47-BD5C-776340A36327}.Debug|Any CPU.ActiveCfg = Debug|Any CPU
		{9755E3BA-2C1E-4F47-BD5C-776340A36327}.Debug|Any CPU.Build.0 = Debug|Any CPU
		{9755E3BA-2C1E-4F47-BD5C-776340A36327}.Release|Any CPU.ActiveCfg = Release|Any CPU
		{9755E3BA-2C1E-4F47-BD5C-776340A36327}.Release|Any CPU.Build.0 = Release|Any CPU
	EndGlobalSection
	GlobalSection(SolutionProperties) = preSolution
		HideSolutionNode = FALSE
	EndGlobalSection
	GlobalSection(ExtensibilityGlobals) = postSolution
		SolutionGuid = {C8754CC1-E89A-473F-9247-DABDA813B7BF}
	EndGlobalSection
EndGlobal
